// !$*UTF8*$!
{
	archiveVersion = 1;
	classes = {
	};
	objectVersion = 50;
	objects = {

/* Begin PBXBuildFile section */
		2C88FF9920B1B9220032646F /* AppDelegate.swift in Sources */ = {isa = PBXBuildFile; fileRef = 2C88FF9820B1B9220032646F /* AppDelegate.swift */; };
		2C88FF9B20B1B9220032646F /* ViewController.swift in Sources */ = {isa = PBXBuildFile; fileRef = 2C88FF9A20B1B9220032646F /* ViewController.swift */; };
		2C88FF9E20B1B9220032646F /* Main.storyboard in Resources */ = {isa = PBXBuildFile; fileRef = 2C88FF9C20B1B9220032646F /* Main.storyboard */; };
		2C88FFA020B1B9240032646F /* Assets.xcassets in Resources */ = {isa = PBXBuildFile; fileRef = 2C88FF9F20B1B9240032646F /* Assets.xcassets */; };
		2C88FFA320B1B9240032646F /* LaunchScreen.storyboard in Resources */ = {isa = PBXBuildFile; fileRef = 2C88FFA120B1B9240032646F /* LaunchScreen.storyboard */; };
		2C88FFAE20B1B9240032646F /* food_trackerTests.swift in Sources */ = {isa = PBXBuildFile; fileRef = 2C88FFAD20B1B9240032646F /* food_trackerTests.swift */; };
		2C88FFB920B1B9240032646F /* food_trackerUITests.swift in Sources */ = {isa = PBXBuildFile; fileRef = 2C88FFB820B1B9240032646F /* food_trackerUITests.swift */; };
		2CFD9C1C20B5F747003C6D6D /* RatingControl.swift in Sources */ = {isa = PBXBuildFile; fileRef = 2CFD9C1B20B5F747003C6D6D /* RatingControl.swift */; };
/* End PBXBuildFile section */

/* Begin PBXContainerItemProxy section */
		2C88FFAA20B1B9240032646F /* PBXContainerItemProxy */ = {
			isa = PBXContainerItemProxy;
			containerPortal = 2C88FF8D20B1B9220032646F /* Project object */;
			proxyType = 1;
			remoteGlobalIDString = 2C88FF9420B1B9220032646F;
			remoteInfo = food_tracker;
		};
		2C88FFB520B1B9240032646F /* PBXContainerItemProxy */ = {
			isa = PBXContainerItemProxy;
			containerPortal = 2C88FF8D20B1B9220032646F /* Project object */;
			proxyType = 1;
			remoteGlobalIDString = 2C88FF9420B1B9220032646F;
			remoteInfo = food_tracker;
		};
/* End PBXContainerItemProxy section */

/* Begin PBXFileReference section */
		2C88FF9520B1B9220032646F /* food_tracker.app */ = {isa = PBXFileReference; explicitFileType = wrapper.application; includeInIndex = 0; path = food_tracker.app; sourceTree = BUILT_PRODUCTS_DIR; };
		2C88FF9820B1B9220032646F /* AppDelegate.swift */ = {isa = PBXFileReference; lastKnownFileType = sourcecode.swift; path = AppDelegate.swift; sourceTree = "<group>"; };
		2C88FF9A20B1B9220032646F /* ViewController.swift */ = {isa = PBXFileReference; lastKnownFileType = sourcecode.swift; path = ViewController.swift; sourceTree = "<group>"; };
		2C88FF9D20B1B9220032646F /* Base */ = {isa = PBXFileReference; lastKnownFileType = file.storyboard; name = Base; path = Base.lproj/Main.storyboard; sourceTree = "<group>"; };
		2C88FF9F20B1B9240032646F /* Assets.xcassets */ = {isa = PBXFileReference; lastKnownFileType = folder.assetcatalog; path = Assets.xcassets; sourceTree = "<group>"; };
		2C88FFA220B1B9240032646F /* Base */ = {isa = PBXFileReference; lastKnownFileType = file.storyboard; name = Base; path = Base.lproj/LaunchScreen.storyboard; sourceTree = "<group>"; };
		2C88FFA420B1B9240032646F /* Info.plist */ = {isa = PBXFileReference; lastKnownFileType = text.plist.xml; path = Info.plist; sourceTree = "<group>"; };
		2C88FFA920B1B9240032646F /* food_trackerTests.xctest */ = {isa = PBXFileReference; explicitFileType = wrapper.cfbundle; includeInIndex = 0; path = food_trackerTests.xctest; sourceTree = BUILT_PRODUCTS_DIR; };
		2C88FFAD20B1B9240032646F /* food_trackerTests.swift */ = {isa = PBXFileReference; lastKnownFileType = sourcecode.swift; path = food_trackerTests.swift; sourceTree = "<group>"; };
		2C88FFAF20B1B9240032646F /* Info.plist */ = {isa = PBXFileReference; lastKnownFileType = text.plist.xml; path = Info.plist; sourceTree = "<group>"; };
		2C88FFB420B1B9240032646F /* food_trackerUITests.xctest */ = {isa = PBXFileReference; explicitFileType = wrapper.cfbundle; includeInIndex = 0; path = food_trackerUITests.xctest; sourceTree = BUILT_PRODUCTS_DIR; };
		2C88FFB820B1B9240032646F /* food_trackerUITests.swift */ = {isa = PBXFileReference; lastKnownFileType = sourcecode.swift; path = food_trackerUITests.swift; sourceTree = "<group>"; };
		2C88FFBA20B1B9240032646F /* Info.plist */ = {isa = PBXFileReference; lastKnownFileType = text.plist.xml; path = Info.plist; sourceTree = "<group>"; };
		2CFD9C1B20B5F747003C6D6D /* RatingControl.swift */ = {isa = PBXFileReference; lastKnownFileType = sourcecode.swift; path = RatingControl.swift; sourceTree = "<group>"; };
/* End PBXFileReference section */

/* Begin PBXFrameworksBuildPhase section */
		2C88FF9220B1B9220032646F /* Frameworks */ = {
			isa = PBXFrameworksBuildPhase;
			buildActionMask = 2147483647;
			files = (
			);
			runOnlyForDeploymentPostprocessing = 0;
		};
		2C88FFA620B1B9240032646F /* Frameworks */ = {
			isa = PBXFrameworksBuildPhase;
			buildActionMask = 2147483647;
			files = (
			);
			runOnlyForDeploymentPostprocessing = 0;
		};
		2C88FFB120B1B9240032646F /* Frameworks */ = {
			isa = PBXFrameworksBuildPhase;
			buildActionMask = 2147483647;
			files = (
			);
			runOnlyForDeploymentPostprocessing = 0;
		};
/* End PBXFrameworksBuildPhase section */

/* Begin PBXGroup section */
		2C88FF8C20B1B9220032646F = {
			isa = PBXGroup;
			children = (
				2C88FF9720B1B9220032646F /* food_tracker */,
				2C88FFAC20B1B9240032646F /* food_trackerTests */,
				2C88FFB720B1B9240032646F /* food_trackerUITests */,
				2C88FF9620B1B9220032646F /* Products */,
			);
			sourceTree = "<group>";
		};
		2C88FF9620B1B9220032646F /* Products */ = {
			isa = PBXGroup;
			children = (
				2C88FF9520B1B9220032646F /* food_tracker.app */,
				2C88FFA920B1B9240032646F /* food_trackerTests.xctest */,
				2C88FFB420B1B9240032646F /* food_trackerUITests.xctest */,
			);
			name = Products;
			sourceTree = "<group>";
		};
		2C88FF9720B1B9220032646F /* food_tracker */ = {
			isa = PBXGroup;
			children = (
				2C88FF9820B1B9220032646F /* AppDelegate.swift */,
				2C88FF9A20B1B9220032646F /* ViewController.swift */,
				2CFD9C1B20B5F747003C6D6D /* RatingControl.swift */,
				2C88FF9C20B1B9220032646F /* Main.storyboard */,
				2C88FF9F20B1B9240032646F /* Assets.xcassets */,
				2C88FFA120B1B9240032646F /* LaunchScreen.storyboard */,
				2C88FFA420B1B9240032646F /* Info.plist */,
			);
			path = food_tracker;
			sourceTree = "<group>";
		};
		2C88FFAC20B1B9240032646F /* food_trackerTests */ = {
			isa = PBXGroup;
			children = (
				2C88FFAD20B1B9240032646F /* food_trackerTests.swift */,
				2C88FFAF20B1B9240032646F /* Info.plist */,
			);
			path = food_trackerTests;
			sourceTree = "<group>";
		};
		2C88FFB720B1B9240032646F /* food_trackerUITests */ = {
			isa = PBXGroup;
			children = (
				2C88FFB820B1B9240032646F /* food_trackerUITests.swift */,
				2C88FFBA20B1B9240032646F /* Info.plist */,
			);
			path = food_trackerUITests;
			sourceTree = "<group>";
		};
/* End PBXGroup section */

/* Begin PBXNativeTarget section */
		2C88FF9420B1B9220032646F /* food_tracker */ = {
			isa = PBXNativeTarget;
			buildConfigurationList = 2C88FFBD20B1B9240032646F /* Build configuration list for PBXNativeTarget "food_tracker" */;
			buildPhases = (
				2C88FF9120B1B9220032646F /* Sources */,
				2C88FF9220B1B9220032646F /* Frameworks */,
				2C88FF9320B1B9220032646F /* Resources */,
			);
			buildRules = (
			);
			dependencies = (
			);
			name = food_tracker;
			productName = food_tracker;
			productReference = 2C88FF9520B1B9220032646F /* food_tracker.app */;
			productType = "com.apple.product-type.application";
		};
		2C88FFA820B1B9240032646F /* food_trackerTests */ = {
			isa = PBXNativeTarget;
			buildConfigurationList = 2C88FFC020B1B9240032646F /* Build configuration list for PBXNativeTarget "food_trackerTests" */;
			buildPhases = (
				2C88FFA520B1B9240032646F /* Sources */,
				2C88FFA620B1B9240032646F /* Frameworks */,
				2C88FFA720B1B9240032646F /* Resources */,
			);
			buildRules = (
			);
			dependencies = (
				2C88FFAB20B1B9240032646F /* PBXTargetDependency */,
			);
			name = food_trackerTests;
			productName = food_trackerTests;
			productReference = 2C88FFA920B1B9240032646F /* food_trackerTests.xctest */;
			productType = "com.apple.product-type.bundle.unit-test";
		};
		2C88FFB320B1B9240032646F /* food_trackerUITests */ = {
			isa = PBXNativeTarget;
			buildConfigurationList = 2C88FFC320B1B9240032646F /* Build configuration list for PBXNativeTarget "food_trackerUITests" */;
			buildPhases = (
				2C88FFB020B1B9240032646F /* Sources */,
				2C88FFB120B1B9240032646F /* Frameworks */,
				2C88FFB220B1B9240032646F /* Resources */,
			);
			buildRules = (
			);
			dependencies = (
				2C88FFB620B1B9240032646F /* PBXTargetDependency */,
			);
			name = food_trackerUITests;
			productName = food_trackerUITests;
			productReference = 2C88FFB420B1B9240032646F /* food_trackerUITests.xctest */;
			productType = "com.apple.product-type.bundle.ui-testing";
		};
/* End PBXNativeTarget section */

/* Begin PBXProject section */
		2C88FF8D20B1B9220032646F /* Project object */ = {
			isa = PBXProject;
			attributes = {
				LastSwiftUpdateCheck = 0930;
				LastUpgradeCheck = 0930;
				ORGANIZATIONNAME = "Emily Denise Chatterjee";
				TargetAttributes = {
					2C88FF9420B1B9220032646F = {
						CreatedOnToolsVersion = 9.3.1;
					};
					2C88FFA820B1B9240032646F = {
						CreatedOnToolsVersion = 9.3.1;
						TestTargetID = 2C88FF9420B1B9220032646F;
					};
					2C88FFB320B1B9240032646F = {
						CreatedOnToolsVersion = 9.3.1;
						TestTargetID = 2C88FF9420B1B9220032646F;
					};
				};
			};
			buildConfigurationList = 2C88FF9020B1B9220032646F /* Build configuration list for PBXProject "food_tracker" */;
			compatibilityVersion = "Xcode 9.3";
			developmentRegion = en;
			hasScannedForEncodings = 0;
			knownRegions = (
				en,
				Base,
			);
			mainGroup = 2C88FF8C20B1B9220032646F;
			productRefGroup = 2C88FF9620B1B9220032646F /* Products */;
			projectDirPath = "";
			projectRoot = "";
			targets = (
				2C88FF9420B1B9220032646F /* food_tracker */,
				2C88FFA820B1B9240032646F /* food_trackerTests */,
				2C88FFB320B1B9240032646F /* food_trackerUITests */,
			);
		};
/* End PBXProject section */

/* Begin PBXResourcesBuildPhase section */
		2C88FF9320B1B9220032646F /* Resources */ = {
			isa = PBXResourcesBuildPhase;
			buildActionMask = 2147483647;
			files = (
				2C88FFA320B1B9240032646F /* LaunchScreen.storyboard in Resources */,
				2C88FFA020B1B9240032646F /* Assets.xcassets in Resources */,
				2C88FF9E20B1B9220032646F /* Main.storyboard in Resources */,
			);
			runOnlyForDeploymentPostprocessing = 0;
		};
		2C88FFA720B1B9240032646F /* Resources */ = {
			isa = PBXResourcesBuildPhase;
			buildActionMask = 2147483647;
			files = (
			);
			runOnlyForDeploymentPostprocessing = 0;
		};
		2C88FFB220B1B9240032646F /* Resources */ = {
			isa = PBXResourcesBuildPhase;
			buildActionMask = 2147483647;
			files = (
			);
			runOnlyForDeploymentPostprocessing = 0;
		};
/* End PBXResourcesBuildPhase section */

/* Begin PBXSourcesBuildPhase section */
		2C88FF9120B1B9220032646F /* Sources */ = {
			isa = PBXSourcesBuildPhase;
			buildActionMask = 2147483647;
			files = (
				2C88FF9B20B1B9220032646F /* ViewController.swift in Sources */,
				2CFD9C1C20B5F747003C6D6D /* RatingControl.swift in Sources */,
				2C88FF9920B1B9220032646F /* AppDelegate.swift in Sources */,
			);
			runOnlyForDeploymentPostprocessing = 0;
		};
		2C88FFA520B1B9240032646F /* Sources */ = {
			isa = PBXSourcesBuildPhase;
			buildActionMask = 2147483647;
			files = (
				2C88FFAE20B1B9240032646F /* food_trackerTests.swift in Sources */,
			);
			runOnlyForDeploymentPostprocessing = 0;
		};
		2C88FFB020B1B9240032646F /* Sources */ = {
			isa = PBXSourcesBuildPhase;
			buildActionMask = 2147483647;
			files = (
				2C88FFB920B1B9240032646F /* food_trackerUITests.swift in Sources */,
			);
			runOnlyForDeploymentPostprocessing = 0;
		};
/* End PBXSourcesBuildPhase section */

/* Begin PBXTargetDependency section */
		2C88FFAB20B1B9240032646F /* PBXTargetDependency */ = {
			isa = PBXTargetDependency;
			target = 2C88FF9420B1B9220032646F /* food_tracker */;
			targetProxy = 2C88FFAA20B1B9240032646F /* PBXContainerItemProxy */;
		};
		2C88FFB620B1B9240032646F /* PBXTargetDependency */ = {
			isa = PBXTargetDependency;
			target = 2C88FF9420B1B9220032646F /* food_tracker */;
			targetProxy = 2C88FFB520B1B9240032646F /* PBXContainerItemProxy */;
		};
/* End PBXTargetDependency section */

/* Begin PBXVariantGroup section */
		2C88FF9C20B1B9220032646F /* Main.storyboard */ = {
			isa = PBXVariantGroup;
			children = (
				2C88FF9D20B1B9220032646F /* Base */,
			);
			name = Main.storyboard;
			sourceTree = "<group>";
		};
		2C88FFA120B1B9240032646F /* LaunchScreen.storyboard */ = {
			isa = PBXVariantGroup;
			children = (
				2C88FFA220B1B9240032646F /* Base */,
			);
			name = LaunchScreen.storyboard;
			sourceTree = "<group>";
		};
/* End PBXVariantGroup section */

/* Begin XCBuildConfiguration section */
		2C88FFBB20B1B9240032646F /* Debug */ = {
			isa = XCBuildConfiguration;
			buildSettings = {
				ALWAYS_SEARCH_USER_PATHS = NO;
				CLANG_ANALYZER_NONNULL = YES;
				CLANG_ANALYZER_NUMBER_OBJECT_CONVERSION = YES_AGGRESSIVE;
				CLANG_CXX_LANGUAGE_STANDARD = "gnu++14";
				CLANG_CXX_LIBRARY = "libc++";
				CLANG_ENABLE_MODULES = YES;
				CLANG_ENABLE_OBJC_ARC = YES;
				CLANG_ENABLE_OBJC_WEAK = YES;
				CLANG_WARN_BLOCK_CAPTURE_AUTORELEASING = YES;
				CLANG_WARN_BOOL_CONVERSION = YES;
				CLANG_WARN_COMMA = YES;
				CLANG_WARN_CONSTANT_CONVERSION = YES;
				CLANG_WARN_DEPRECATED_OBJC_IMPLEMENTATIONS = YES;
				CLANG_WARN_DIRECT_OBJC_ISA_USAGE = YES_ERROR;
				CLANG_WARN_DOCUMENTATION_COMMENTS = YES;
				CLANG_WARN_EMPTY_BODY = YES;
				CLANG_WARN_ENUM_CONVERSION = YES;
				CLANG_WARN_INFINITE_RECURSION = YES;
				CLANG_WARN_INT_CONVERSION = YES;
				CLANG_WARN_NON_LITERAL_NULL_CONVERSION = YES;
				CLANG_WARN_OBJC_IMPLICIT_RETAIN_SELF = YES;
				CLANG_WARN_OBJC_LITERAL_CONVERSION = YES;
				CLANG_WARN_OBJC_ROOT_CLASS = YES_ERROR;
				CLANG_WARN_RANGE_LOOP_ANALYSIS = YES;
				CLANG_WARN_STRICT_PROTOTYPES = YES;
				CLANG_WARN_SUSPICIOUS_MOVE = YES;
				CLANG_WARN_UNGUARDED_AVAILABILITY = YES_AGGRESSIVE;
				CLANG_WARN_UNREACHABLE_CODE = YES;
				CLANG_WARN__DUPLICATE_METHOD_MATCH = YES;
				CODE_SIGN_IDENTITY = "iPhone Developer";
				COPY_PHASE_STRIP = NO;
				DEBUG_INFORMATION_FORMAT = dwarf;
				ENABLE_STRICT_OBJC_MSGSEND = YES;
				ENABLE_TESTABILITY = YES;
				GCC_C_LANGUAGE_STANDARD = gnu11;
				GCC_DYNAMIC_NO_PIC = NO;
				GCC_NO_COMMON_BLOCKS = YES;
				GCC_OPTIMIZATION_LEVEL = 0;
				GCC_PREPROCESSOR_DEFINITIONS = (
					"DEBUG=1",
					"$(inherited)",
				);
				GCC_WARN_64_TO_32_BIT_CONVERSION = YES;
				GCC_WARN_ABOUT_RETURN_TYPE = YES_ERROR;
				GCC_WARN_UNDECLARED_SELECTOR = YES;
				GCC_WARN_UNINITIALIZED_AUTOS = YES_AGGRESSIVE;
				GCC_WARN_UNUSED_FUNCTION = YES;
				GCC_WARN_UNUSED_VARIABLE = YES;
				IPHONEOS_DEPLOYMENT_TARGET = 11.3;
				MTL_ENABLE_DEBUG_INFO = YES;
				ONLY_ACTIVE_ARCH = YES;
				SDKROOT = iphoneos;
				SWIFT_ACTIVE_COMPILATION_CONDITIONS = DEBUG;
				SWIFT_OPTIMIZATION_LEVEL = "-Onone";
			};
			name = Debug;
		};
		2C88FFBC20B1B9240032646F /* Release */ = {
			isa = XCBuildConfiguration;
			buildSettings = {
				ALWAYS_SEARCH_USER_PATHS = NO;
				CLANG_ANALYZER_NONNULL = YES;
				CLANG_ANALYZER_NUMBER_OBJECT_CONVERSION = YES_AGGRESSIVE;
				CLANG_CXX_LANGUAGE_STANDARD = "gnu++14";
				CLANG_CXX_LIBRARY = "libc++";
				CLANG_ENABLE_MODULES = YES;
				CLANG_ENABLE_OBJC_ARC = YES;
				CLANG_ENABLE_OBJC_WEAK = YES;
				CLANG_WARN_BLOCK_CAPTURE_AUTORELEASING = YES;
				CLANG_WARN_BOOL_CONVERSION = YES;
				CLANG_WARN_COMMA = YES;
				CLANG_WARN_CONSTANT_CONVERSION = YES;
				CLANG_WARN_DEPRECATED_OBJC_IMPLEMENTATIONS = YES;
				CLANG_WARN_DIRECT_OBJC_ISA_USAGE = YES_ERROR;
				CLANG_WARN_DOCUMENTATION_COMMENTS = YES;
				CLANG_WARN_EMPTY_BODY = YES;
				CLANG_WARN_ENUM_CONVERSION = YES;
				CLANG_WARN_INFINITE_RECURSION = YES;
				CLANG_WARN_INT_CONVERSION = YES;
				CLANG_WARN_NON_LITERAL_NULL_CONVERSION = YES;
				CLANG_WARN_OBJC_IMPLICIT_RETAIN_SELF = YES;
				CLANG_WARN_OBJC_LITERAL_CONVERSION = YES;
				CLANG_WARN_OBJC_ROOT_CLASS = YES_ERROR;
				CLANG_WARN_RANGE_LOOP_ANALYSIS = YES;
				CLANG_WARN_STRICT_PROTOTYPES = YES;
				CLANG_WARN_SUSPICIOUS_MOVE = YES;
				CLANG_WARN_UNGUARDED_AVAILABILITY = YES_AGGRESSIVE;
				CLANG_WARN_UNREACHABLE_CODE = YES;
				CLANG_WARN__DUPLICATE_METHOD_MATCH = YES;
				CODE_SIGN_IDENTITY = "iPhone Developer";
				COPY_PHASE_STRIP = NO;
				DEBUG_INFORMATION_FORMAT = "dwarf-with-dsym";
				ENABLE_NS_ASSERTIONS = NO;
				ENABLE_STRICT_OBJC_MSGSEND = YES;
				GCC_C_LANGUAGE_STANDARD = gnu11;
				GCC_NO_COMMON_BLOCKS = YES;
				GCC_WARN_64_TO_32_BIT_CONVERSION = YES;
				GCC_WARN_ABOUT_RETURN_TYPE = YES_ERROR;
				GCC_WARN_UNDECLARED_SELECTOR = YES;
				GCC_WARN_UNINITIALIZED_AUTOS = YES_AGGRESSIVE;
				GCC_WARN_UNUSED_FUNCTION = YES;
				GCC_WARN_UNUSED_VARIABLE = YES;
				IPHONEOS_DEPLOYMENT_TARGET = 11.3;
				MTL_ENABLE_DEBUG_INFO = NO;
				SDKROOT = iphoneos;
				SWIFT_COMPILATION_MODE = wholemodule;
				SWIFT_OPTIMIZATION_LEVEL = "-O";
				VALIDATE_PRODUCT = YES;
			};
			name = Release;
		};
		2C88FFBE20B1B9240032646F /* Debug */ = {
			isa = XCBuildConfiguration;
			buildSettings = {
				ASSETCATALOG_COMPILER_APPICON_NAME = AppIcon;
				CODE_SIGN_STYLE = Automatic;
				INFOPLIST_FILE = food_tracker/Info.plist;
				LD_RUNPATH_SEARCH_PATHS = (
					"$(inherited)",
					"@executable_path/Frameworks",
				);
				PRODUCT_BUNDLE_IDENTIFIER = "echatter-umich.edu.food-tracker";
				PRODUCT_NAME = "$(TARGET_NAME)";
				SWIFT_VERSION = 4.0;
				TARGETED_DEVICE_FAMILY = "1,2";
			};
			name = Debug;
		};
		2C88FFBF20B1B9240032646F /* Release */ = {
			isa = XCBuildConfiguration;
			buildSettings = {
				ASSETCATALOG_COMPILER_APPICON_NAME = AppIcon;
				CODE_SIGN_STYLE = Automatic;
				INFOPLIST_FILE = food_tracker/Info.plist;
				LD_RUNPATH_SEARCH_PATHS = (
					"$(inherited)",
					"@executable_path/Frameworks",
				);
				PRODUCT_BUNDLE_IDENTIFIER = "echatter-umich.edu.food-tracker";
				PRODUCT_NAME = "$(TARGET_NAME)";
				SWIFT_VERSION = 4.0;
				TARGETED_DEVICE_FAMILY = "1,2";
			};
			name = Release;
		};
		2C88FFC120B1B9240032646F /* Debug */ = {
			isa = XCBuildConfiguration;
			buildSettings = {
				ALWAYS_EMBED_SWIFT_STANDARD_LIBRARIES = YES;
				BUNDLE_LOADER = "$(TEST_HOST)";
				CODE_SIGN_STYLE = Automatic;
				INFOPLIST_FILE = food_trackerTests/Info.plist;
				LD_RUNPATH_SEARCH_PATHS = (
					"$(inherited)",
					"@executable_path/Frameworks",
					"@loader_path/Frameworks",
				);
				PRODUCT_BUNDLE_IDENTIFIER = "echatter-umich.edu.food-trackerTests";
				PRODUCT_NAME = "$(TARGET_NAME)";
				SWIFT_VERSION = 4.0;
				TARGETED_DEVICE_FAMILY = "1,2";
				TEST_HOST = "$(BUILT_PRODUCTS_DIR)/food_tracker.app/food_tracker";
			};
			name = Debug;
		};
		2C88FFC220B1B9240032646F /* Release */ = {
			isa = XCBuildConfiguration;
			buildSettings = {
				ALWAYS_EMBED_SWIFT_STANDARD_LIBRARIES = YES;
				BUNDLE_LOADER = "$(TEST_HOST)";
				CODE_SIGN_STYLE = Automatic;
				INFOPLIST_FILE = food_trackerTests/Info.plist;
				LD_RUNPATH_SEARCH_PATHS = (
					"$(inherited)",
					"@executable_path/Frameworks",
					"@loader_path/Frameworks",
				);
				PRODUCT_BUNDLE_IDENTIFIER = "echatter-umich.edu.food-trackerTests";
				PRODUCT_NAME = "$(TARGET_NAME)";
				SWIFT_VERSION = 4.0;
				TARGETED_DEVICE_FAMILY = "1,2";
				TEST_HOST = "$(BUILT_PRODUCTS_DIR)/food_tracker.app/food_tracker";
			};
			name = Release;
		};
		2C88FFC420B1B9240032646F /* Debug */ = {
			isa = XCBuildConfiguration;
			buildSettings = {
				ALWAYS_EMBED_SWIFT_STANDARD_LIBRARIES = YES;
				CODE_SIGN_STYLE = Automatic;
				INFOPLIST_FILE = food_trackerUITests/Info.plist;
				LD_RUNPATH_SEARCH_PATHS = (
					"$(inherited)",
					"@executable_path/Frameworks",
					"@loader_path/Frameworks",
				);
				PRODUCT_BUNDLE_IDENTIFIER = "echatter-umich.edu.food-trackerUITests";
				PRODUCT_NAME = "$(TARGET_NAME)";
				SWIFT_VERSION = 4.0;
				TARGETED_DEVICE_FAMILY = "1,2";
				TEST_TARGET_NAME = food_tracker;
			};
			name = Debug;
		};
		2C88FFC520B1B9240032646F /* Release */ = {
			isa = XCBuildConfiguration;
			buildSettings = {
				ALWAYS_EMBED_SWIFT_STANDARD_LIBRARIES = YES;
				CODE_SIGN_STYLE = Automatic;
				INFOPLIST_FILE = food_trackerUITests/Info.plist;
				LD_RUNPATH_SEARCH_PATHS = (
					"$(inherited)",
					"@executable_path/Frameworks",
					"@loader_path/Frameworks",
				);
				PRODUCT_BUNDLE_IDENTIFIER = "echatter-umich.edu.food-trackerUITests";
				PRODUCT_NAME = "$(TARGET_NAME)";
				SWIFT_VERSION = 4.0;
				TARGETED_DEVICE_FAMILY = "1,2";
				TEST_TARGET_NAME = food_tracker;
			};
			name = Release;
		};
/* End XCBuildConfiguration section */

/* Begin XCConfigurationList section */
		2C88FF9020B1B9220032646F /* Build configuration list for PBXProject "food_tracker" */ = {
			isa = XCConfigurationList;
			buildConfigurations = (
				2C88FFBB20B1B9240032646F /* Debug */,
				2C88FFBC20B1B9240032646F /* Release */,
			);
			defaultConfigurationIsVisible = 0;
			defaultConfigurationName = Release;
		};
		2C88FFBD20B1B9240032646F /* Build configuration list for PBXNativeTarget "food_tracker" */ = {
			isa = XCConfigurationList;
			buildConfigurations = (
				2C88FFBE20B1B9240032646F /* Debug */,
				2C88FFBF20B1B9240032646F /* Release */,
			);
			defaultConfigurationIsVisible = 0;
			defaultConfigurationName = Release;
		};
		2C88FFC020B1B9240032646F /* Build configuration list for PBXNativeTarget "food_trackerTests" */ = {
			isa = XCConfigurationList;
			buildConfigurations = (
				2C88FFC120B1B9240032646F /* Debug */,
				2C88FFC220B1B9240032646F /* Release */,
			);
			defaultConfigurationIsVisible = 0;
			defaultConfigurationName = Release;
		};
		2C88FFC320B1B9240032646F /* Build configuration list for PBXNativeTarget "food_trackerUITests" */ = {
			isa = XCConfigurationList;
			buildConfigurations = (
				2C88FFC420B1B9240032646F /* Debug */,
				2C88FFC520B1B9240032646F /* Release */,
			);
			defaultConfigurationIsVisible = 0;
			defaultConfigurationName = Release;
		};
/* End XCConfigurationList section */
	};
	rootObject = 2C88FF8D20B1B9220032646F /* Project object */;
}
